# Pinned third-party versions for Claudia bootstrap and release packaging.
# Format: NAME=value (one per line). No leading/trailing spaces around =.
# Lines starting with # and blank lines are ignored.
# Bump versions only here; scripts read this file (repository root).

# Qdrant release tag or commit SHA — prebuilt binary from releases + source checkout under .deps/qdrant
QDRANT_RELEASE=v1.14.1

# BiFrost source — full git ref: tag, branch, or 40-char commit SHA
BIFROST_GIT_URL=https://github.com/maximhq/bifrost.git
BIFROST_GIT_REF=58076d50df0d48d47ad917da3f604cf787ec7708
